
Microsoft Visual Studio Solution File, Format Version 12.00
# Visual Studio Version 17
VisualStudioVersion = 17.9.34622.214
MinimumVisualStudioVersion = 10.0.40219.1
Project("{2150E333-8FDC-42A3-9474-1A3956D46DE8}") = "Exercicio 01", "Exercicio 01", "{0E38D473-7B8C-4482-BB47-33528E824904}"
EndProject
Project("{2150E333-8FDC-42A3-9474-1A3956D46DE8}") = "Exercicio 02", "Exercicio 02", "{3E92CBF2-9E36-4C6A-A496-58DE0768A05D}"
EndProject
Project("{2150E333-8FDC-42A3-9474-1A3956D46DE8}") = "Exercicio 03", "Exercicio 03", "{3FB2B745-162F-4799-A96D-9489148B08C8}"
EndProject
Project("{2150E333-8FDC-42A3-9474-1A3956D46DE8}") = "Exercicio 04", "Exercicio 04", "{2CBB333B-C650-4FE4-928F-41C8C9C4C91B}"
EndProject
Project("{2150E333-8FDC-42A3-9474-1A3956D46DE8}") = "Exercicio 05", "Exercicio 05", "{EAAD10F3-0A88-45C3-9F78-09D7EF57EF15}"
EndProject
Project("{2150E333-8FDC-42A3-9474-1A3956D46DE8}") = "Exercicio 06", "Exercicio 06", "{CB7A2A6E-3D13-4D73-8B01-EE2C9E9B9347}"
EndProject
Project("{2150E333-8FDC-42A3-9474-1A3956D46DE8}") = "Exercicio 07", "Exercicio 07", "{E79EE25E-E524-44A6-87B3-B15BB0D784DB}"
EndProject
Project("{2150E333-8FDC-42A3-9474-1A3956D46DE8}") = "Exercicio 09", "Exercicio 09", "{AF429C2A-C679-4C3C-B407-C2EEF17DBA80}"
EndProject
Project("{2150E333-8FDC-42A3-9474-1A3956D46DE8}") = "Exercicio 10", "Exercicio 10", "{84A1DDFF-2B30-4F40-BA78-1E7190227DBE}"
EndProject
Project("{2150E333-8FDC-42A3-9474-1A3956D46DE8}") = "Exercicio 12", "Exercicio 12", "{B574273E-C52F-4FAC-BBEC-7FB4628A0F9E}"
EndProject
Project("{2150E333-8FDC-42A3-9474-1A3956D46DE8}") = "Exercicio 13", "Exercicio 13", "{895CF045-E5F6-47FC-93EF-B5B7AD9AA098}"
EndProject
Project("{2150E333-8FDC-42A3-9474-1A3956D46DE8}") = "Exercicio 14", "Exercicio 14", "{2196EC0D-F4B4-4597-B39D-1E8D192C7B49}"
EndProject
Project("{2150E333-8FDC-42A3-9474-1A3956D46DE8}") = "Exercicio 16", "Exercicio 16", "{58CB3415-3876-4CEC-ACC5-8514213AD8EB}"
EndProject
Project("{2150E333-8FDC-42A3-9474-1A3956D46DE8}") = "Exercicio 17", "Exercicio 17", "{1514EF28-43D0-497E-8B83-AA32DF2D3D6F}"
EndProject
Project("{2150E333-8FDC-42A3-9474-1A3956D46DE8}") = "Exercicio 18", "Exercicio 18", "{995E0B63-EF25-49E4-9EB2-2049734452CE}"
EndProject
Project("{2150E333-8FDC-42A3-9474-1A3956D46DE8}") = "Exercicio 19", "Exercicio 19", "{62550950-5D75-4060-9359-295FE2E089CA}"
EndProject
Project("{2150E333-8FDC-42A3-9474-1A3956D46DE8}") = "Exercicio 20", "Exercicio 20", "{675659D5-6241-48F4-8D61-69482DF72E77}"
EndProject
Project("{2150E333-8FDC-42A3-9474-1A3956D46DE8}") = "Exercicio 21", "Exercicio 21", "{1B6A26E5-8E14-43D7-88EC-ED8FB6785812}"
EndProject
Project("{2150E333-8FDC-42A3-9474-1A3956D46DE8}") = "Exercicio 22", "Exercicio 22", "{2C7070D1-CDF8-45DB-97D3-E32A9E525E8F}"
EndProject
Project("{2150E333-8FDC-42A3-9474-1A3956D46DE8}") = "Exercicio 23", "Exercicio 23", "{6F5ED431-11CD-41E4-971E-124674A18274}"
EndProject
Project("{2150E333-8FDC-42A3-9474-1A3956D46DE8}") = "Exercicio 24", "Exercicio 24", "{A0884356-FE83-4F63-B252-51AD5D1B1C6B}"
EndProject
Project("{2150E333-8FDC-42A3-9474-1A3956D46DE8}") = "Exercicio 25", "Exercicio 25", "{F8C1A6D0-2D1D-4650-A898-ED1C5E18FC39}"
EndProject
Project("{2150E333-8FDC-42A3-9474-1A3956D46DE8}") = "Exercicio 26", "Exercicio 26", "{C28E7CDC-B1E1-412F-81A5-5A7F3CB38581}"
EndProject
Project("{2150E333-8FDC-42A3-9474-1A3956D46DE8}") = "Exercicio 27", "Exercicio 27", "{5949D1ED-1AA4-4DE6-AD6A-7C82348A921E}"
EndProject
Project("{2150E333-8FDC-42A3-9474-1A3956D46DE8}") = "Exercicio 28", "Exercicio 28", "{C734EBA3-F67C-4AB3-9C35-A7CA61507A65}"
EndProject
Project("{9A19103F-16F7-4668-BE54-9A1E7A4F7556}") = "Exercicio01", "Exercicio01\Exercicio01.csproj", "{1E968694-A79C-467B-96AA-31274BB4CDC8}"
EndProject
Project("{9A19103F-16F7-4668-BE54-9A1E7A4F7556}") = "Exercicio2", "Exercicio2\Exercicio2.csproj", "{36B2CCAA-AD22-4C71-9A4B-F36A9A915C9A}"
EndProject
Project("{9A19103F-16F7-4668-BE54-9A1E7A4F7556}") = "Exercicio3", "Exercicio3\Exercicio3.csproj", "{36E029F2-4802-4E2A-87CA-1E9585B44E2A}"
EndProject
Project("{9A19103F-16F7-4668-BE54-9A1E7A4F7556}") = "Exercicio4", "Exercicio4\Exercicio4.csproj", "{FD5F1580-CF16-477F-AFAA-7F1B5B63938B}"
EndProject
Project("{9A19103F-16F7-4668-BE54-9A1E7A4F7556}") = "Exercicio5", "Exercicio5\Exercicio5.csproj", "{63B271C6-F318-4C50-9DAF-7E9B23568D23}"
EndProject
Project("{9A19103F-16F7-4668-BE54-9A1E7A4F7556}") = "Exercicio6", "Exercicio6\Exercicio6.csproj", "{FAB909CF-95F4-41A0-A939-4F7279E6EB09}"
EndProject
Project("{9A19103F-16F7-4668-BE54-9A1E7A4F7556}") = "Exercicio7", "Exercicio7\Exercicio7.csproj", "{0ACE0562-255E-447C-A6E1-BC1049E0AE24}"
EndProject
Project("{9A19103F-16F7-4668-BE54-9A1E7A4F7556}") = "Exercicio9", "Exercicio9\Exercicio9.csproj", "{6AF5FFC0-BB59-474C-B185-E4043B129747}"
EndProject
Project("{9A19103F-16F7-4668-BE54-9A1E7A4F7556}") = "Exercicio10", "Exercicio10\Exercicio10.csproj", "{431F3512-F08C-4166-90E8-ABB8965427DE}"
EndProject
Project("{9A19103F-16F7-4668-BE54-9A1E7A4F7556}") = "Exercicio 14", "Exercicio 14\Exercicio 14.csproj", "{A2480F5F-FAD2-40C3-9314-5CE3D7285547}"
EndProject
Project("{9A19103F-16F7-4668-BE54-9A1E7A4F7556}") = "Exercicio13", "Exercicio13\Exercicio13.csproj", "{CFEB527A-68F5-44BF-80BA-531446EB142E}"
EndProject
Project("{9A19103F-16F7-4668-BE54-9A1E7A4F7556}") = "Exercicio12", "Exercicio12\Exercicio12.csproj", "{E1EDD9CC-6D90-46B8-B059-AD12E8F767FF}"
EndProject
Project("{9A19103F-16F7-4668-BE54-9A1E7A4F7556}") = "Exercicio16", "Exercicio16\Exercicio16.csproj", "{5E0A67BB-125E-4FB2-BEA4-E1A73926A17D}"
EndProject
Project("{9A19103F-16F7-4668-BE54-9A1E7A4F7556}") = "Exercicio17", "Exercicio17\Exercicio17.csproj", "{821C4090-E31E-4729-B444-7CC2F2A76DFE}"
EndProject
Project("{9A19103F-16F7-4668-BE54-9A1E7A4F7556}") = "Exercicio18", "Exercicio18\Exercicio18.csproj", "{A540C01F-62AB-4738-AD1C-E44187176C25}"
EndProject
Project("{9A19103F-16F7-4668-BE54-9A1E7A4F7556}") = "Exercicio19", "Exercicio19\Exercicio19.csproj", "{FA46F76E-A1C4-49E5-8C78-E517AE7D7E8B}"
EndProject
Project("{9A19103F-16F7-4668-BE54-9A1E7A4F7556}") = "Exercicio20", "Exercicio20\Exercicio20.csproj", "{A2887642-E4DC-4AA1-AB83-1B14E91E4F86}"
EndProject
Project("{9A19103F-16F7-4668-BE54-9A1E7A4F7556}") = "Exercicio21", "Exercicio21\Exercicio21.csproj", "{A3F66CF9-6B6A-4895-9E6F-DCB9FF48E027}"
EndProject
Project("{9A19103F-16F7-4668-BE54-9A1E7A4F7556}") = "Exercicio22", "Exercicio22\Exercicio22.csproj", "{E06818C8-ABCD-4B15-BB90-A6F9CAB70E0C}"
EndProject
Project("{9A19103F-16F7-4668-BE54-9A1E7A4F7556}") = "Exercicio23", "Exercicio23\Exercicio23.csproj", "{1BB1C765-9CAB-4630-A978-553605B3BCD0}"
EndProject
Project("{9A19103F-16F7-4668-BE54-9A1E7A4F7556}") = "Exercicio24", "Exercicio24\Exercicio24.csproj", "{3A519C9C-596D-4D0C-9077-93EAFAD51A1D}"
EndProject
Project("{9A19103F-16F7-4668-BE54-9A1E7A4F7556}") = "Exercicio25", "Exercicio25\Exercicio25.csproj", "{FB314750-F8ED-4E24-8FC3-52BA3FAA0361}"
EndProject
Project("{9A19103F-16F7-4668-BE54-9A1E7A4F7556}") = "Exercicio26", "Exercicio26\Exercicio26.csproj", "{B25C8364-12A2-44DA-9493-F20930A14FB3}"
EndProject
Project("{9A19103F-16F7-4668-BE54-9A1E7A4F7556}") = "Exercicio27", "Exercicio27\Exercicio27.csproj", "{0E75C1A9-F05B-4025-ACCF-B83D0D06F882}"
EndProject
Project("{9A19103F-16F7-4668-BE54-9A1E7A4F7556}") = "Exercicio28", "Exercicio28\Exercicio28.csproj", "{292FD50A-1953-46CD-BA8E-ADC16C94D889}"
EndProject
Project("{2150E333-8FDC-42A3-9474-1A3956D46DE8}") = "Exercicio01Remaster", "Exercicio01Remaster", "{910A4B80-3319-4580-8EC4-A1737929A1AA}"
EndProject
Project("{9A19103F-16F7-4668-BE54-9A1E7A4F7556}") = "Exercicio01Remaster", "Exercicio01Remaster\Exercicio01Remaster.csproj", "{D507C0E3-BF49-447B-8C6B-41DEF0CF212D}"
EndProject
Global
	GlobalSection(SolutionConfigurationPlatforms) = preSolution
		Debug|Any CPU = Debug|Any CPU
		Release|Any CPU = Release|Any CPU
	EndGlobalSection
	GlobalSection(ProjectConfigurationPlatforms) = postSolution
		{1E968694-A79C-467B-96AA-31274BB4CDC8}.Debug|Any CPU.ActiveCfg = Debug|Any CPU
		{1E968694-A79C-467B-96AA-31274BB4CDC8}.Debug|Any CPU.Build.0 = Debug|Any CPU
		{1E968694-A79C-467B-96AA-31274BB4CDC8}.Release|Any CPU.ActiveCfg = Release|Any CPU
		{1E968694-A79C-467B-96AA-31274BB4CDC8}.Release|Any CPU.Build.0 = Release|Any CPU
		{36B2CCAA-AD22-4C71-9A4B-F36A9A915C9A}.Debug|Any CPU.ActiveCfg = Debug|Any CPU
		{36B2CCAA-AD22-4C71-9A4B-F36A9A915C9A}.Debug|Any CPU.Build.0 = Debug|Any CPU
		{36B2CCAA-AD22-4C71-9A4B-F36A9A915C9A}.Release|Any CPU.ActiveCfg = Release|Any CPU
		{36B2CCAA-AD22-4C71-9A4B-F36A9A915C9A}.Release|Any CPU.Build.0 = Release|Any CPU
		{36E029F2-4802-4E2A-87CA-1E9585B44E2A}.Debug|Any CPU.ActiveCfg = Debug|Any CPU
		{36E029F2-4802-4E2A-87CA-1E9585B44E2A}.Debug|Any CPU.Build.0 = Debug|Any CPU
		{36E029F2-4802-4E2A-87CA-1E9585B44E2A}.Release|Any CPU.ActiveCfg = Release|Any CPU
		{36E029F2-4802-4E2A-87CA-1E9585B44E2A}.Release|Any CPU.Build.0 = Release|Any CPU
		{FD5F1580-CF16-477F-AFAA-7F1B5B63938B}.Debug|Any CPU.ActiveCfg = Debug|Any CPU
		{FD5F1580-CF16-477F-AFAA-7F1B5B63938B}.Debug|Any CPU.Build.0 = Debug|Any CPU
		{FD5F1580-CF16-477F-AFAA-7F1B5B63938B}.Release|Any CPU.ActiveCfg = Release|Any CPU
		{FD5F1580-CF16-477F-AFAA-7F1B5B63938B}.Release|Any CPU.Build.0 = Release|Any CPU
		{63B271C6-F318-4C50-9DAF-7E9B23568D23}.Debug|Any CPU.ActiveCfg = Debug|Any CPU
		{63B271C6-F318-4C50-9DAF-7E9B23568D23}.Debug|Any CPU.Build.0 = Debug|Any CPU
		{63B271C6-F318-4C50-9DAF-7E9B23568D23}.Release|Any CPU.ActiveCfg = Release|Any CPU
		{63B271C6-F318-4C50-9DAF-7E9B23568D23}.Release|Any CPU.Build.0 = Release|Any CPU
		{FAB909CF-95F4-41A0-A939-4F7279E6EB09}.Debug|Any CPU.ActiveCfg = Debug|Any CPU
		{FAB909CF-95F4-41A0-A939-4F7279E6EB09}.Debug|Any CPU.Build.0 = Debug|Any CPU
		{FAB909CF-95F4-41A0-A939-4F7279E6EB09}.Release|Any CPU.ActiveCfg = Release|Any CPU
		{FAB909CF-95F4-41A0-A939-4F7279E6EB09}.Release|Any CPU.Build.0 = Release|Any CPU
		{0ACE0562-255E-447C-A6E1-BC1049E0AE24}.Debug|Any CPU.ActiveCfg = Debug|Any CPU
		{0ACE0562-255E-447C-A6E1-BC1049E0AE24}.Debug|Any CPU.Build.0 = Debug|Any CPU
		{0ACE0562-255E-447C-A6E1-BC1049E0AE24}.Release|Any CPU.ActiveCfg = Release|Any CPU
		{0ACE0562-255E-447C-A6E1-BC1049E0AE24}.Release|Any CPU.Build.0 = Release|Any CPU
		{6AF5FFC0-BB59-474C-B185-E4043B129747}.Debug|Any CPU.ActiveCfg = Debug|Any CPU
		{6AF5FFC0-BB59-474C-B185-E4043B129747}.Debug|Any CPU.Build.0 = Debug|Any CPU
		{6AF5FFC0-BB59-474C-B185-E4043B129747}.Release|Any CPU.ActiveCfg = Release|Any CPU
		{6AF5FFC0-BB59-474C-B185-E4043B129747}.Release|Any CPU.Build.0 = Release|Any CPU
		{431F3512-F08C-4166-90E8-ABB8965427DE}.Debug|Any CPU.ActiveCfg = Debug|Any CPU
		{431F3512-F08C-4166-90E8-ABB8965427DE}.Debug|Any CPU.Build.0 = Debug|Any CPU
		{431F3512-F08C-4166-90E8-ABB8965427DE}.Release|Any CPU.ActiveCfg = Release|Any CPU
		{431F3512-F08C-4166-90E8-ABB8965427DE}.Release|Any CPU.Build.0 = Release|Any CPU
		{A2480F5F-FAD2-40C3-9314-5CE3D7285547}.Debug|Any CPU.ActiveCfg = Debug|Any CPU
		{A2480F5F-FAD2-40C3-9314-5CE3D7285547}.Debug|Any CPU.Build.0 = Debug|Any CPU
		{A2480F5F-FAD2-40C3-9314-5CE3D7285547}.Release|Any CPU.ActiveCfg = Release|Any CPU
		{A2480F5F-FAD2-40C3-9314-5CE3D7285547}.Release|Any CPU.Build.0 = Release|Any CPU
		{CFEB527A-68F5-44BF-80BA-531446EB142E}.Debug|Any CPU.ActiveCfg = Debug|Any CPU
		{CFEB527A-68F5-44BF-80BA-531446EB142E}.Debug|Any CPU.Build.0 = Debug|Any CPU
		{CFEB527A-68F5-44BF-80BA-531446EB142E}.Release|Any CPU.ActiveCfg = Release|Any CPU
		{CFEB527A-68F5-44BF-80BA-531446EB142E}.Release|Any CPU.Build.0 = Release|Any CPU
		{E1EDD9CC-6D90-46B8-B059-AD12E8F767FF}.Debug|Any CPU.ActiveCfg = Debug|Any CPU
		{E1EDD9CC-6D90-46B8-B059-AD12E8F767FF}.Debug|Any CPU.Build.0 = Debug|Any CPU
		{E1EDD9CC-6D90-46B8-B059-AD12E8F767FF}.Release|Any CPU.ActiveCfg = Release|Any CPU
		{E1EDD9CC-6D90-46B8-B059-AD12E8F767FF}.Release|Any CPU.Build.0 = Release|Any CPU
		{5E0A67BB-125E-4FB2-BEA4-E1A73926A17D}.Debug|Any CPU.ActiveCfg = Debug|Any CPU
		{5E0A67BB-125E-4FB2-BEA4-E1A73926A17D}.Debug|Any CPU.Build.0 = Debug|Any CPU
		{5E0A67BB-125E-4FB2-BEA4-E1A73926A17D}.Release|Any CPU.ActiveCfg = Release|Any CPU
		{5E0A67BB-125E-4FB2-BEA4-E1A73926A17D}.Release|Any CPU.Build.0 = Release|Any CPU
		{821C4090-E31E-4729-B444-7CC2F2A76DFE}.Debug|Any CPU.ActiveCfg = Debug|Any CPU
		{821C4090-E31E-4729-B444-7CC2F2A76DFE}.Debug|Any CPU.Build.0 = Debug|Any CPU
		{821C4090-E31E-4729-B444-7CC2F2A76DFE}.Release|Any CPU.ActiveCfg = Release|Any CPU
		{821C4090-E31E-4729-B444-7CC2F2A76DFE}.Release|Any CPU.Build.0 = Release|Any CPU
		{A540C01F-62AB-4738-AD1C-E44187176C25}.Debug|Any CPU.ActiveCfg = Debug|Any CPU
		{A540C01F-62AB-4738-AD1C-E44187176C25}.Debug|Any CPU.Build.0 = Debug|Any CPU
		{A540C01F-62AB-4738-AD1C-E44187176C25}.Release|Any CPU.ActiveCfg = Release|Any CPU
		{A540C01F-62AB-4738-AD1C-E44187176C25}.Release|Any CPU.Build.0 = Release|Any CPU
		{FA46F76E-A1C4-49E5-8C78-E517AE7D7E8B}.Debug|Any CPU.ActiveCfg = Debug|Any CPU
		{FA46F76E-A1C4-49E5-8C78-E517AE7D7E8B}.Debug|Any CPU.Build.0 = Debug|Any CPU
		{FA46F76E-A1C4-49E5-8C78-E517AE7D7E8B}.Release|Any CPU.ActiveCfg = Release|Any CPU
		{FA46F76E-A1C4-49E5-8C78-E517AE7D7E8B}.Release|Any CPU.Build.0 = Release|Any CPU
		{A2887642-E4DC-4AA1-AB83-1B14E91E4F86}.Debug|Any CPU.ActiveCfg = Debug|Any CPU
		{A2887642-E4DC-4AA1-AB83-1B14E91E4F86}.Debug|Any CPU.Build.0 = Debug|Any CPU
		{A2887642-E4DC-4AA1-AB83-1B14E91E4F86}.Release|Any CPU.ActiveCfg = Release|Any CPU
		{A2887642-E4DC-4AA1-AB83-1B14E91E4F86}.Release|Any CPU.Build.0 = Release|Any CPU
		{A3F66CF9-6B6A-4895-9E6F-DCB9FF48E027}.Debug|Any CPU.ActiveCfg = Debug|Any CPU
		{A3F66CF9-6B6A-4895-9E6F-DCB9FF48E027}.Debug|Any CPU.Build.0 = Debug|Any CPU
		{A3F66CF9-6B6A-4895-9E6F-DCB9FF48E027}.Release|Any CPU.ActiveCfg = Release|Any CPU
		{A3F66CF9-6B6A-4895-9E6F-DCB9FF48E027}.Release|Any CPU.Build.0 = Release|Any CPU
		{E06818C8-ABCD-4B15-BB90-A6F9CAB70E0C}.Debug|Any CPU.ActiveCfg = Debug|Any CPU
		{E06818C8-ABCD-4B15-BB90-A6F9CAB70E0C}.Debug|Any CPU.Build.0 = Debug|Any CPU
		{E06818C8-ABCD-4B15-BB90-A6F9CAB70E0C}.Release|Any CPU.ActiveCfg = Release|Any CPU
		{E06818C8-ABCD-4B15-BB90-A6F9CAB70E0C}.Release|Any CPU.Build.0 = Release|Any CPU
		{1BB1C765-9CAB-4630-A978-553605B3BCD0}.Debug|Any CPU.ActiveCfg = Debug|Any CPU
		{1BB1C765-9CAB-4630-A978-553605B3BCD0}.Debug|Any CPU.Build.0 = Debug|Any CPU
		{1BB1C765-9CAB-4630-A978-553605B3BCD0}.Release|Any CPU.ActiveCfg = Release|Any CPU
		{1BB1C765-9CAB-4630-A978-553605B3BCD0}.Release|Any CPU.Build.0 = Release|Any CPU
		{3A519C9C-596D-4D0C-9077-93EAFAD51A1D}.Debug|Any CPU.ActiveCfg = Debug|Any CPU
		{3A519C9C-596D-4D0C-9077-93EAFAD51A1D}.Debug|Any CPU.Build.0 = Debug|Any CPU
		{3A519C9C-596D-4D0C-9077-93EAFAD51A1D}.Release|Any CPU.ActiveCfg = Release|Any CPU
		{3A519C9C-596D-4D0C-9077-93EAFAD51A1D}.Release|Any CPU.Build.0 = Release|Any CPU
		{FB314750-F8ED-4E24-8FC3-52BA3FAA0361}.Debug|Any CPU.ActiveCfg = Debug|Any CPU
		{FB314750-F8ED-4E24-8FC3-52BA3FAA0361}.Debug|Any CPU.Build.0 = Debug|Any CPU
		{FB314750-F8ED-4E24-8FC3-52BA3FAA0361}.Release|Any CPU.ActiveCfg = Release|Any CPU
		{FB314750-F8ED-4E24-8FC3-52BA3FAA0361}.Release|Any CPU.Build.0 = Release|Any CPU
		{B25C8364-12A2-44DA-9493-F20930A14FB3}.Debug|Any CPU.ActiveCfg = Debug|Any CPU
		{B25C8364-12A2-44DA-9493-F20930A14FB3}.Debug|Any CPU.Build.0 = Debug|Any CPU
		{B25C8364-12A2-44DA-9493-F20930A14FB3}.Release|Any CPU.ActiveCfg = Release|Any CPU
		{B25C8364-12A2-44DA-9493-F20930A14FB3}.Release|Any CPU.Build.0 = Release|Any CPU
		{0E75C1A9-F05B-4025-ACCF-B83D0D06F882}.Debug|Any CPU.ActiveCfg = Debug|Any CPU
		{0E75C1A9-F05B-4025-ACCF-B83D0D06F882}.Debug|Any CPU.Build.0 = Debug|Any CPU
		{0E75C1A9-F05B-4025-ACCF-B83D0D06F882}.Release|Any CPU.ActiveCfg = Release|Any CPU
		{0E75C1A9-F05B-4025-ACCF-B83D0D06F882}.Release|Any CPU.Build.0 = Release|Any CPU
		{292FD50A-1953-46CD-BA8E-ADC16C94D889}.Debug|Any CPU.ActiveCfg = Debug|Any CPU
		{292FD50A-1953-46CD-BA8E-ADC16C94D889}.Debug|Any CPU.Build.0 = Debug|Any CPU
		{292FD50A-1953-46CD-BA8E-ADC16C94D889}.Release|Any CPU.ActiveCfg = Release|Any CPU
		{292FD50A-1953-46CD-BA8E-ADC16C94D889}.Release|Any CPU.Build.0 = Release|Any CPU
		{D507C0E3-BF49-447B-8C6B-41DEF0CF212D}.Debug|Any CPU.ActiveCfg = Debug|Any CPU
		{D507C0E3-BF49-447B-8C6B-41DEF0CF212D}.Debug|Any CPU.Build.0 = Debug|Any CPU
		{D507C0E3-BF49-447B-8C6B-41DEF0CF212D}.Release|Any CPU.ActiveCfg = Release|Any CPU
		{D507C0E3-BF49-447B-8C6B-41DEF0CF212D}.Release|Any CPU.Build.0 = Release|Any CPU
	EndGlobalSection
	GlobalSection(SolutionProperties) = preSolution
		HideSolutionNode = FALSE
	EndGlobalSection
	GlobalSection(NestedProjects) = preSolution
		{1E968694-A79C-467B-96AA-31274BB4CDC8} = {0E38D473-7B8C-4482-BB47-33528E824904}
		{36B2CCAA-AD22-4C71-9A4B-F36A9A915C9A} = {3E92CBF2-9E36-4C6A-A496-58DE0768A05D}
		{36E029F2-4802-4E2A-87CA-1E9585B44E2A} = {3FB2B745-162F-4799-A96D-9489148B08C8}
		{FD5F1580-CF16-477F-AFAA-7F1B5B63938B} = {2CBB333B-C650-4FE4-928F-41C8C9C4C91B}
		{63B271C6-F318-4C50-9DAF-7E9B23568D23} = {EAAD10F3-0A88-45C3-9F78-09D7EF57EF15}
		{FAB909CF-95F4-41A0-A939-4F7279E6EB09} = {CB7A2A6E-3D13-4D73-8B01-EE2C9E9B9347}
		{0ACE0562-255E-447C-A6E1-BC1049E0AE24} = {E79EE25E-E524-44A6-87B3-B15BB0D784DB}
		{6AF5FFC0-BB59-474C-B185-E4043B129747} = {AF429C2A-C679-4C3C-B407-C2EEF17DBA80}
		{431F3512-F08C-4166-90E8-ABB8965427DE} = {84A1DDFF-2B30-4F40-BA78-1E7190227DBE}
		{A2480F5F-FAD2-40C3-9314-5CE3D7285547} = {2196EC0D-F4B4-4597-B39D-1E8D192C7B49}
		{CFEB527A-68F5-44BF-80BA-531446EB142E} = {895CF045-E5F6-47FC-93EF-B5B7AD9AA098}
		{E1EDD9CC-6D90-46B8-B059-AD12E8F767FF} = {B574273E-C52F-4FAC-BBEC-7FB4628A0F9E}
		{5E0A67BB-125E-4FB2-BEA4-E1A73926A17D} = {58CB3415-3876-4CEC-ACC5-8514213AD8EB}
		{821C4090-E31E-4729-B444-7CC2F2A76DFE} = {1514EF28-43D0-497E-8B83-AA32DF2D3D6F}
		{A540C01F-62AB-4738-AD1C-E44187176C25} = {995E0B63-EF25-49E4-9EB2-2049734452CE}
		{FA46F76E-A1C4-49E5-8C78-E517AE7D7E8B} = {62550950-5D75-4060-9359-295FE2E089CA}
		{A2887642-E4DC-4AA1-AB83-1B14E91E4F86} = {675659D5-6241-48F4-8D61-69482DF72E77}
		{A3F66CF9-6B6A-4895-9E6F-DCB9FF48E027} = {1B6A26E5-8E14-43D7-88EC-ED8FB6785812}
		{E06818C8-ABCD-4B15-BB90-A6F9CAB70E0C} = {2C7070D1-CDF8-45DB-97D3-E32A9E525E8F}
		{1BB1C765-9CAB-4630-A978-553605B3BCD0} = {6F5ED431-11CD-41E4-971E-124674A18274}
		{3A519C9C-596D-4D0C-9077-93EAFAD51A1D} = {A0884356-FE83-4F63-B252-51AD5D1B1C6B}
		{FB314750-F8ED-4E24-8FC3-52BA3FAA0361} = {F8C1A6D0-2D1D-4650-A898-ED1C5E18FC39}
		{B25C8364-12A2-44DA-9493-F20930A14FB3} = {C28E7CDC-B1E1-412F-81A5-5A7F3CB38581}
		{0E75C1A9-F05B-4025-ACCF-B83D0D06F882} = {5949D1ED-1AA4-4DE6-AD6A-7C82348A921E}
		{292FD50A-1953-46CD-BA8E-ADC16C94D889} = {C734EBA3-F67C-4AB3-9C35-A7CA61507A65}
		{D507C0E3-BF49-447B-8C6B-41DEF0CF212D} = {910A4B80-3319-4580-8EC4-A1737929A1AA}
	EndGlobalSection
	GlobalSection(ExtensibilityGlobals) = postSolution
		SolutionGuid = {DF1E64F6-4AA5-41EF-8586-039AA18EF29D}
	EndGlobalSection
EndGlobal
