
Microsoft Visual Studio Solution File, Format Version 12.00
# Visual Studio Version 17
VisualStudioVersion = 17.9.34622.214
MinimumVisualStudioVersion = 10.0.40219.1
Project("{FAE04EC0-301F-11D3-BF4B-00C04F79EFBC}") = "ListaDeExercicios.ConsoleApp", "ListaDeExercicios.ConsoleApp\ListaDeExercicios.ConsoleApp.csproj", "{5C2985BA-26BF-4115-9173-3BF92447F86D}"
EndProject
Global
	GlobalSection(SolutionConfigurationPlatforms) = preSolution
		Debug|Any CPU = Debug|Any CPU
		Release|Any CPU = Release|Any CPU
	EndGlobalSection
	GlobalSection(ProjectConfigurationPlatforms) = postSolution
		{5C2985BA-26BF-4115-9173-3BF92447F86D}.Debug|Any CPU.ActiveCfg = Debug|Any CPU
		{5C2985BA-26BF-4115-9173-3BF92447F86D}.Debug|Any CPU.Build.0 = Debug|Any CPU
		{5C2985BA-26BF-4115-9173-3BF92447F86D}.Release|Any CPU.ActiveCfg = Release|Any CPU
		{5C2985BA-26BF-4115-9173-3BF92447F86D}.Release|Any CPU.Build.0 = Release|Any CPU
	EndGlobalSection
	GlobalSection(SolutionProperties) = preSolution
		HideSolutionNode = FALSE
	EndGlobalSection
	GlobalSection(ExtensibilityGlobals) = postSolution
		SolutionGuid = {DF1E64F6-4AA5-41EF-8586-039AA18EF29D}
	EndGlobalSection
EndGlobal
